
Microsoft Visual Studio Solution File, Format Version 12.00
# Visual Studio Version 16
VisualStudioVersion = 16.0.32602.291
MinimumVisualStudioVersion = 10.0.40219.1
Project("{FAE04EC0-301F-11D3-BF4B-00C04F79EFBC}") = "DataTables_Assignment", "DataTables_Assignment\DataTables_Assignment.csproj", "{B2040EB2-8C8D-459A-87D8-19035CB64C2F}"
EndProject
Global
	GlobalSection(SolutionConfigurationPlatforms) = preSolution
		Debug|Any CPU = Debug|Any CPU
		Release|Any CPU = Release|Any CPU
	EndGlobalSection
	GlobalSection(ProjectConfigurationPlatforms) = postSolution
		{B2040EB2-8C8D-459A-87D8-19035CB64C2F}.Debug|Any CPU.ActiveCfg = Debug|Any CPU
		{B2040EB2-8C8D-459A-87D8-19035CB64C2F}.Debug|Any CPU.Build.0 = Debug|Any CPU
		{B2040EB2-8C8D-459A-87D8-19035CB64C2F}.Release|Any CPU.ActiveCfg = Release|Any CPU
		{B2040EB2-8C8D-459A-87D8-19035CB64C2F}.Release|Any CPU.Build.0 = Release|Any CPU
	EndGlobalSection
	GlobalSection(SolutionProperties) = preSolution
		HideSolutionNode = FALSE
	EndGlobalSection
	GlobalSection(ExtensibilityGlobals) = postSolution
		SolutionGuid = {5C28FD45-C7F4-493A-AE84-890994006B71}
	EndGlobalSection
EndGlobal
