
Microsoft Visual Studio Solution File, Format Version 12.00
# Visual Studio Version 16
VisualStudioVersion = 16.0.29418.71
MinimumVisualStudioVersion = 10.0.40219.1
Project("{FAE04EC0-301F-11D3-BF4B-00C04F79EFBC}") = "API_StudentTable", "API_StudentTable.csproj", "{059A6614-AC60-4C99-8F8F-9E5E7AE3F6E0}"
EndProject
Global
	GlobalSection(SolutionConfigurationPlatforms) = preSolution
		Debug|Any CPU = Debug|Any CPU
		Release|Any CPU = Release|Any CPU
	EndGlobalSection
	GlobalSection(ProjectConfigurationPlatforms) = postSolution
		{059A6614-AC60-4C99-8F8F-9E5E7AE3F6E0}.Debug|Any CPU.ActiveCfg = Debug|Any CPU
		{059A6614-AC60-4C99-8F8F-9E5E7AE3F6E0}.Debug|Any CPU.Build.0 = Debug|Any CPU
		{059A6614-AC60-4C99-8F8F-9E5E7AE3F6E0}.Release|Any CPU.ActiveCfg = Release|Any CPU
		{059A6614-AC60-4C99-8F8F-9E5E7AE3F6E0}.Release|Any CPU.Build.0 = Release|Any CPU
	EndGlobalSection
	GlobalSection(SolutionProperties) = preSolution
		HideSolutionNode = FALSE
	EndGlobalSection
	GlobalSection(ExtensibilityGlobals) = postSolution
		SolutionGuid = {0B80BDDD-BAF6-49E8-9E84-B1962637A0A2}
	EndGlobalSection
EndGlobal
